
Microsoft Visual Studio Solution File, Format Version 12.00
# Visual Studio 15
VisualStudioVersion = 15.0.27004.2002
MinimumVisualStudioVersion = 10.0.40219.1
Project("{FAE04EC0-301F-11D3-BF4B-00C04F79EFBC}") = "CleanVSOfflineInstallDirectory", "CleanVSOfflineInstallDirectory\CleanVSOfflineInstallDirectory.csproj", "{60FD24A3-60CC-4B53-B526-A2E2DB79939A}"
EndProject
Project("{FAE04EC0-301F-11D3-BF4B-00C04F79EFBC}") = "CleanVSOfflineInstallDirectoryTests", "CleanVSOfflineInstallDirectoryTests\CleanVSOfflineInstallDirectoryTests.csproj", "{9616B0EA-9233-4AA3-A0B2-8350C33B21FE}"
EndProject
Global
	GlobalSection(SolutionConfigurationPlatforms) = preSolution
		Debug|Any CPU = Debug|Any CPU
		Release|Any CPU = Release|Any CPU
	EndGlobalSection
	GlobalSection(ProjectConfigurationPlatforms) = postSolution
		{60FD24A3-60CC-4B53-B526-A2E2DB79939A}.Debug|Any CPU.ActiveCfg = Debug|Any CPU
		{60FD24A3-60CC-4B53-B526-A2E2DB79939A}.Debug|Any CPU.Build.0 = Debug|Any CPU
		{60FD24A3-60CC-4B53-B526-A2E2DB79939A}.Release|Any CPU.ActiveCfg = Release|Any CPU
		{60FD24A3-60CC-4B53-B526-A2E2DB79939A}.Release|Any CPU.Build.0 = Release|Any CPU
		{9616B0EA-9233-4AA3-A0B2-8350C33B21FE}.Debug|Any CPU.ActiveCfg = Debug|Any CPU
		{9616B0EA-9233-4AA3-A0B2-8350C33B21FE}.Debug|Any CPU.Build.0 = Debug|Any CPU
		{9616B0EA-9233-4AA3-A0B2-8350C33B21FE}.Release|Any CPU.ActiveCfg = Release|Any CPU
		{9616B0EA-9233-4AA3-A0B2-8350C33B21FE}.Release|Any CPU.Build.0 = Release|Any CPU
	EndGlobalSection
	GlobalSection(SolutionProperties) = preSolution
		HideSolutionNode = FALSE
	EndGlobalSection
	GlobalSection(ExtensibilityGlobals) = postSolution
		SolutionGuid = {8C8C0D22-8326-45E6-B649-6BC3BECF1F0F}
	EndGlobalSection
EndGlobal
