
Microsoft Visual Studio Solution File, Format Version 12.00
# Visual Studio 15
VisualStudioVersion = 15.0.27004.2006
MinimumVisualStudioVersion = 10.0.40219.1
Project("{9A19103F-16F7-4668-BE54-9A1E7A4F7556}") = "CleanVSOfflineInstallDirectory", "CleanVSOfflineInstallDirectory\CleanVSOfflineInstallDirectory.csproj", "{60FD24A3-60CC-4B53-B526-A2E2DB79939A}"
EndProject
Project("{9A19103F-16F7-4668-BE54-9A1E7A4F7556}") = "VSOfflineInstallerPackageDirectoryStructereTests", "CleanVSOfflineInstallDirectoryTests\VSOfflineInstallerPackageDirectoryStructereTests.csproj", "{9616B0EA-9233-4AA3-A0B2-8350C33B21FE}"
EndProject
Project("{9A19103F-16F7-4668-BE54-9A1E7A4F7556}") = "VSOfflineInstallerPackageDirectorySturcture", "VSOfflineInstallerPackageDirectorySturcture\VSOfflineInstallerPackageDirectorySturcture.csproj", "{D5C4874F-A3DD-4C66-8F60-93F72A119B9E}"
EndProject
Project("{F5034706-568F-408A-B7B3-4D38C6DB8A32}") = "DownloadOfflineInstallerAndUpdatesForVS2017", "DownloadOfflineInstallerAndUpdatesForVS2017\DownloadOfflineInstallerAndUpdatesForVS2017.pssproj", "{6CAFC0C6-A428-4D30-A9F9-700E829FEA51}"
EndProject
Global
	GlobalSection(SolutionConfigurationPlatforms) = preSolution
		Debug|Any CPU = Debug|Any CPU
		Release|Any CPU = Release|Any CPU
	EndGlobalSection
	GlobalSection(ProjectConfigurationPlatforms) = postSolution
		{60FD24A3-60CC-4B53-B526-A2E2DB79939A}.Debug|Any CPU.ActiveCfg = Debug|Any CPU
		{60FD24A3-60CC-4B53-B526-A2E2DB79939A}.Debug|Any CPU.Build.0 = Debug|Any CPU
		{60FD24A3-60CC-4B53-B526-A2E2DB79939A}.Release|Any CPU.ActiveCfg = Release|Any CPU
		{60FD24A3-60CC-4B53-B526-A2E2DB79939A}.Release|Any CPU.Build.0 = Release|Any CPU
		{9616B0EA-9233-4AA3-A0B2-8350C33B21FE}.Debug|Any CPU.ActiveCfg = Debug|Any CPU
		{9616B0EA-9233-4AA3-A0B2-8350C33B21FE}.Debug|Any CPU.Build.0 = Debug|Any CPU
		{9616B0EA-9233-4AA3-A0B2-8350C33B21FE}.Release|Any CPU.ActiveCfg = Release|Any CPU
		{9616B0EA-9233-4AA3-A0B2-8350C33B21FE}.Release|Any CPU.Build.0 = Release|Any CPU
		{D5C4874F-A3DD-4C66-8F60-93F72A119B9E}.Debug|Any CPU.ActiveCfg = Debug|Any CPU
		{D5C4874F-A3DD-4C66-8F60-93F72A119B9E}.Debug|Any CPU.Build.0 = Debug|Any CPU
		{D5C4874F-A3DD-4C66-8F60-93F72A119B9E}.Release|Any CPU.ActiveCfg = Release|Any CPU
		{D5C4874F-A3DD-4C66-8F60-93F72A119B9E}.Release|Any CPU.Build.0 = Release|Any CPU
		{6CAFC0C6-A428-4D30-A9F9-700E829FEA51}.Debug|Any CPU.ActiveCfg = Debug|Any CPU
		{6CAFC0C6-A428-4D30-A9F9-700E829FEA51}.Debug|Any CPU.Build.0 = Debug|Any CPU
		{6CAFC0C6-A428-4D30-A9F9-700E829FEA51}.Release|Any CPU.ActiveCfg = Release|Any CPU
		{6CAFC0C6-A428-4D30-A9F9-700E829FEA51}.Release|Any CPU.Build.0 = Release|Any CPU
	EndGlobalSection
	GlobalSection(SolutionProperties) = preSolution
		HideSolutionNode = FALSE
	EndGlobalSection
	GlobalSection(ExtensibilityGlobals) = postSolution
		SolutionGuid = {8C8C0D22-8326-45E6-B649-6BC3BECF1F0F}
	EndGlobalSection
EndGlobal
